
Microsoft Visual Studio Solution File, Format Version 12.00
# Visual Studio Version 17
VisualStudioVersion = 17.11.35312.102
MinimumVisualStudioVersion = 10.0.40219.1
Project("{FAE04EC0-301F-11D3-BF4B-00C04F79EFBC}") = "Simple Damage Modifiers", "Simple Damage Modifiers.csproj", "{768DE797-7732-4F7F-B6D7-0AA4AE8FA3A4}"
EndProject
Global
	GlobalSection(SolutionConfigurationPlatforms) = preSolution
		Debug|Any CPU = Debug|Any CPU
		Release|Any CPU = Release|Any CPU
	EndGlobalSection
	GlobalSection(ProjectConfigurationPlatforms) = postSolution
		{768DE797-7732-4F7F-B6D7-0AA4AE8FA3A4}.Debug|Any CPU.ActiveCfg = Debug|Any CPU
		{768DE797-7732-4F7F-B6D7-0AA4AE8FA3A4}.Debug|Any CPU.Build.0 = Debug|Any CPU
		{768DE797-7732-4F7F-B6D7-0AA4AE8FA3A4}.Release|Any CPU.ActiveCfg = Release|Any CPU
		{768DE797-7732-4F7F-B6D7-0AA4AE8FA3A4}.Release|Any CPU.Build.0 = Release|Any CPU
	EndGlobalSection
	GlobalSection(SolutionProperties) = preSolution
		HideSolutionNode = FALSE
	EndGlobalSection
	GlobalSection(ExtensibilityGlobals) = postSolution
		SolutionGuid = {E1148936-F2B9-47A8-B27E-3154419B60AA}
	EndGlobalSection
EndGlobal
